
Microsoft Visual Studio Solution File, Format Version 12.00
# Visual Studio Version 17
VisualStudioVersion = 17.4.33213.308
MinimumVisualStudioVersion = 10.0.40219.1
Project("{FAE04EC0-301F-11D3-BF4B-00C04F79EFBC}") = "UrlShortener", "UrlShortener\UrlShortener.csproj", "{1DEED220-CCB9-490D-88EE-EEF8CD544B61}"
EndProject
Project("{FAE04EC0-301F-11D3-BF4B-00C04F79EFBC}") = "UrlShortener.Biz", "UrlShortener.Biz\UrlShortener.Biz.csproj", "{0A4EA286-4898-47BC-863C-7237158580D8}"
EndProject
Global
	GlobalSection(SolutionConfigurationPlatforms) = preSolution
		Debug|Any CPU = Debug|Any CPU
		Release|Any CPU = Release|Any CPU
	EndGlobalSection
	GlobalSection(ProjectConfigurationPlatforms) = postSolution
		{1DEED220-CCB9-490D-88EE-EEF8CD544B61}.Debug|Any CPU.ActiveCfg = Debug|Any CPU
		{1DEED220-CCB9-490D-88EE-EEF8CD544B61}.Debug|Any CPU.Build.0 = Debug|Any CPU
		{1DEED220-CCB9-490D-88EE-EEF8CD544B61}.Release|Any CPU.ActiveCfg = Release|Any CPU
		{1DEED220-CCB9-490D-88EE-EEF8CD544B61}.Release|Any CPU.Build.0 = Release|Any CPU
		{0A4EA286-4898-47BC-863C-7237158580D8}.Debug|Any CPU.ActiveCfg = Debug|Any CPU
		{0A4EA286-4898-47BC-863C-7237158580D8}.Debug|Any CPU.Build.0 = Debug|Any CPU
		{0A4EA286-4898-47BC-863C-7237158580D8}.Release|Any CPU.ActiveCfg = Release|Any CPU
		{0A4EA286-4898-47BC-863C-7237158580D8}.Release|Any CPU.Build.0 = Release|Any CPU
	EndGlobalSection
	GlobalSection(SolutionProperties) = preSolution
		HideSolutionNode = FALSE
	EndGlobalSection
	GlobalSection(ExtensibilityGlobals) = postSolution
		SolutionGuid = {605339D6-7519-4F2F-BB37-38EC76786C24}
	EndGlobalSection
EndGlobal
